// !$*UTF8*$!
{
	archiveVersion = 1;
	classes = {
	};
	objectVersion = 77;
	objects = {

/* Begin PBXBuildFile section */
		19C40EE5BE13DFEC73F37107 /* Pods_GameCatalogTests.framework in Frameworks */ = {isa = PBXBuildFile; fileRef = 1ABEFA6C74DB86159F55D358 /* Pods_GameCatalogTests.framework */; };
		321316E078BAFAE67EB446C7 /* Pods_GameCatalog.framework in Frameworks */ = {isa = PBXBuildFile; fileRef = F46AFC047A1280286BAA69F4 /* Pods_GameCatalog.framework */; };
		B7904B1E2E20F243008544EE /* RealmSwift in Frameworks */ = {isa = PBXBuildFile; productRef = B7904B1D2E20F243008544EE /* RealmSwift */; };
		B791FD2C2E27A113002F2591 /* Swinject in Frameworks */ = {isa = PBXBuildFile; productRef = B791FD2B2E27A113002F2591 /* Swinject */; };
		B797AC372E251F3B00C56520 /* AlertToast in Frameworks */ = {isa = PBXBuildFile; productRef = B797AC362E251F3B00C56520 /* AlertToast */; };
		B7DC072C2E1BD83900B28124 /* Alamofire in Frameworks */ = {isa = PBXBuildFile; productRef = B7DC072B2E1BD83900B28124 /* Alamofire */; };
		FC65EA0769D93B0C70AE07C0 /* Pods_GameCatalog_GameCatalogUITests.framework in Frameworks */ = {isa = PBXBuildFile; fileRef = DE19B92AF695DD1F3988664F /* Pods_GameCatalog_GameCatalogUITests.framework */; };
/* End PBXBuildFile section */

/* Begin PBXContainerItemProxy section */
		B77B47492E19AB13006D4456 /* PBXContainerItemProxy */ = {
			isa = PBXContainerItemProxy;
			containerPortal = B77B47302E19AB11006D4456 /* Project object */;
			proxyType = 1;
			remoteGlobalIDString = B77B47372E19AB11006D4456;
			remoteInfo = GameCatalog;
		};
		B77B47532E19AB13006D4456 /* PBXContainerItemProxy */ = {
			isa = PBXContainerItemProxy;
			containerPortal = B77B47302E19AB11006D4456 /* Project object */;
			proxyType = 1;
			remoteGlobalIDString = B77B47372E19AB11006D4456;
			remoteInfo = GameCatalog;
		};
/* End PBXContainerItemProxy section */

/* Begin PBXFileReference section */
		1ABEFA6C74DB86159F55D358 /* Pods_GameCatalogTests.framework */ = {isa = PBXFileReference; explicitFileType = wrapper.framework; includeInIndex = 0; path = Pods_GameCatalogTests.framework; sourceTree = BUILT_PRODUCTS_DIR; };
		4D22837CFF3258DE4EC9620E /* Pods-GameCatalogTests.release.xcconfig */ = {isa = PBXFileReference; includeInIndex = 1; lastKnownFileType = text.xcconfig; name = "Pods-GameCatalogTests.release.xcconfig"; path = "Target Support Files/Pods-GameCatalogTests/Pods-GameCatalogTests.release.xcconfig"; sourceTree = "<group>"; };
		6499C088C7AF85D66399DD55 /* Pods-GameCatalog-GameCatalogUITests.release.xcconfig */ = {isa = PBXFileReference; includeInIndex = 1; lastKnownFileType = text.xcconfig; name = "Pods-GameCatalog-GameCatalogUITests.release.xcconfig"; path = "Target Support Files/Pods-GameCatalog-GameCatalogUITests/Pods-GameCatalog-GameCatalogUITests.release.xcconfig"; sourceTree = "<group>"; };
		B77B47382E19AB11006D4456 /* GameCatalog.app */ = {isa = PBXFileReference; explicitFileType = wrapper.application; includeInIndex = 0; path = GameCatalog.app; sourceTree = BUILT_PRODUCTS_DIR; };
		B77B47482E19AB13006D4456 /* GameCatalogTests.xctest */ = {isa = PBXFileReference; explicitFileType = wrapper.cfbundle; includeInIndex = 0; path = GameCatalogTests.xctest; sourceTree = BUILT_PRODUCTS_DIR; };
		B77B47522E19AB13006D4456 /* GameCatalogUITests.xctest */ = {isa = PBXFileReference; explicitFileType = wrapper.cfbundle; includeInIndex = 0; path = GameCatalogUITests.xctest; sourceTree = BUILT_PRODUCTS_DIR; };
		C6F5BC37DE4504BED2DECEB0 /* Pods-GameCatalog.debug.xcconfig */ = {isa = PBXFileReference; includeInIndex = 1; lastKnownFileType = text.xcconfig; name = "Pods-GameCatalog.debug.xcconfig"; path = "Target Support Files/Pods-GameCatalog/Pods-GameCatalog.debug.xcconfig"; sourceTree = "<group>"; };
		D0D1A660EA25D063A437D6C9 /* Pods-GameCatalog.release.xcconfig */ = {isa = PBXFileReference; includeInIndex = 1; lastKnownFileType = text.xcconfig; name = "Pods-GameCatalog.release.xcconfig"; path = "Target Support Files/Pods-GameCatalog/Pods-GameCatalog.release.xcconfig"; sourceTree = "<group>"; };
		D9E06D69DF480B5B58EC11FC /* Pods-GameCatalogTests.debug.xcconfig */ = {isa = PBXFileReference; includeInIndex = 1; lastKnownFileType = text.xcconfig; name = "Pods-GameCatalogTests.debug.xcconfig"; path = "Target Support Files/Pods-GameCatalogTests/Pods-GameCatalogTests.debug.xcconfig"; sourceTree = "<group>"; };
		DE19B92AF695DD1F3988664F /* Pods_GameCatalog_GameCatalogUITests.framework */ = {isa = PBXFileReference; explicitFileType = wrapper.framework; includeInIndex = 0; path = Pods_GameCatalog_GameCatalogUITests.framework; sourceTree = BUILT_PRODUCTS_DIR; };
		EE11D0E2C2B79235AD9E6C5F /* Pods-GameCatalog-GameCatalogUITests.debug.xcconfig */ = {isa = PBXFileReference; includeInIndex = 1; lastKnownFileType = text.xcconfig; name = "Pods-GameCatalog-GameCatalogUITests.debug.xcconfig"; path = "Target Support Files/Pods-GameCatalog-GameCatalogUITests/Pods-GameCatalog-GameCatalogUITests.debug.xcconfig"; sourceTree = "<group>"; };
		F46AFC047A1280286BAA69F4 /* Pods_GameCatalog.framework */ = {isa = PBXFileReference; explicitFileType = wrapper.framework; includeInIndex = 0; path = Pods_GameCatalog.framework; sourceTree = BUILT_PRODUCTS_DIR; };
/* End PBXFileReference section */

/* Begin PBXFileSystemSynchronizedBuildFileExceptionSet section */
		B766F7DB2E1A5FFE00206F4D /* Exceptions for "GameCatalog" folder in "GameCatalog" target */ = {
			isa = PBXFileSystemSynchronizedBuildFileExceptionSet;
			membershipExceptions = (
				Info.plist,
			);
			target = B77B47372E19AB11006D4456 /* GameCatalog */;
		};
/* End PBXFileSystemSynchronizedBuildFileExceptionSet section */

/* Begin PBXFileSystemSynchronizedRootGroup section */
		B77B473A2E19AB11006D4456 /* GameCatalog */ = {
			isa = PBXFileSystemSynchronizedRootGroup;
			exceptions = (
				B766F7DB2E1A5FFE00206F4D /* Exceptions for "GameCatalog" folder in "GameCatalog" target */,
			);
			path = GameCatalog;
			sourceTree = "<group>";
		};
		B77B474B2E19AB13006D4456 /* GameCatalogTests */ = {
			isa = PBXFileSystemSynchronizedRootGroup;
			path = GameCatalogTests;
			sourceTree = "<group>";
		};
		B77B47552E19AB13006D4456 /* GameCatalogUITests */ = {
			isa = PBXFileSystemSynchronizedRootGroup;
			path = GameCatalogUITests;
			sourceTree = "<group>";
		};
/* End PBXFileSystemSynchronizedRootGroup section */

/* Begin PBXFrameworksBuildPhase section */
		B77B47352E19AB11006D4456 /* Frameworks */ = {
			isa = PBXFrameworksBuildPhase;
			buildActionMask = 2147483647;
			files = (
				B7904B1E2E20F243008544EE /* RealmSwift in Frameworks */,
				B791FD2C2E27A113002F2591 /* Swinject in Frameworks */,
				B797AC372E251F3B00C56520 /* AlertToast in Frameworks */,
				321316E078BAFAE67EB446C7 /* Pods_GameCatalog.framework in Frameworks */,
				B7DC072C2E1BD83900B28124 /* Alamofire in Frameworks */,
			);
			runOnlyForDeploymentPostprocessing = 0;
		};
		B77B47452E19AB13006D4456 /* Frameworks */ = {
			isa = PBXFrameworksBuildPhase;
			buildActionMask = 2147483647;
			files = (
				19C40EE5BE13DFEC73F37107 /* Pods_GameCatalogTests.framework in Frameworks */,
			);
			runOnlyForDeploymentPostprocessing = 0;
		};
		B77B474F2E19AB13006D4456 /* Frameworks */ = {
			isa = PBXFrameworksBuildPhase;
			buildActionMask = 2147483647;
			files = (
				FC65EA0769D93B0C70AE07C0 /* Pods_GameCatalog_GameCatalogUITests.framework in Frameworks */,
			);
			runOnlyForDeploymentPostprocessing = 0;
		};
/* End PBXFrameworksBuildPhase section */

/* Begin PBXGroup section */
		07BA51BA87F0675270DE3E34 /* Frameworks */ = {
			isa = PBXGroup;
			children = (
				F46AFC047A1280286BAA69F4 /* Pods_GameCatalog.framework */,
				DE19B92AF695DD1F3988664F /* Pods_GameCatalog_GameCatalogUITests.framework */,
				1ABEFA6C74DB86159F55D358 /* Pods_GameCatalogTests.framework */,
			);
			name = Frameworks;
			sourceTree = "<group>";
		};
		184D842D4574D630AC497F8B /* Pods */ = {
			isa = PBXGroup;
			children = (
				C6F5BC37DE4504BED2DECEB0 /* Pods-GameCatalog.debug.xcconfig */,
				D0D1A660EA25D063A437D6C9 /* Pods-GameCatalog.release.xcconfig */,
				EE11D0E2C2B79235AD9E6C5F /* Pods-GameCatalog-GameCatalogUITests.debug.xcconfig */,
				6499C088C7AF85D66399DD55 /* Pods-GameCatalog-GameCatalogUITests.release.xcconfig */,
				D9E06D69DF480B5B58EC11FC /* Pods-GameCatalogTests.debug.xcconfig */,
				4D22837CFF3258DE4EC9620E /* Pods-GameCatalogTests.release.xcconfig */,
			);
			path = Pods;
			sourceTree = "<group>";
		};
		B77B472F2E19AB11006D4456 = {
			isa = PBXGroup;
			children = (
				B77B473A2E19AB11006D4456 /* GameCatalog */,
				B77B474B2E19AB13006D4456 /* GameCatalogTests */,
				B77B47552E19AB13006D4456 /* GameCatalogUITests */,
				B77B47392E19AB11006D4456 /* Products */,
				184D842D4574D630AC497F8B /* Pods */,
				07BA51BA87F0675270DE3E34 /* Frameworks */,
			);
			sourceTree = "<group>";
		};
		B77B47392E19AB11006D4456 /* Products */ = {
			isa = PBXGroup;
			children = (
				B77B47382E19AB11006D4456 /* GameCatalog.app */,
				B77B47482E19AB13006D4456 /* GameCatalogTests.xctest */,
				B77B47522E19AB13006D4456 /* GameCatalogUITests.xctest */,
			);
			name = Products;
			sourceTree = "<group>";
		};
/* End PBXGroup section */

/* Begin PBXNativeTarget section */
		B77B47372E19AB11006D4456 /* GameCatalog */ = {
			isa = PBXNativeTarget;
			buildConfigurationList = B77B475C2E19AB13006D4456 /* Build configuration list for PBXNativeTarget "GameCatalog" */;
			buildPhases = (
				915C91D364E8A558C370738C /* [CP] Check Pods Manifest.lock */,
				B77B47342E19AB11006D4456 /* Sources */,
				B77B47352E19AB11006D4456 /* Frameworks */,
				B77B47362E19AB11006D4456 /* Resources */,
			);
			buildRules = (
			);
			dependencies = (
			);
			fileSystemSynchronizedGroups = (
				B77B473A2E19AB11006D4456 /* GameCatalog */,
			);
			name = GameCatalog;
			productName = GameCatalog;
			productReference = B77B47382E19AB11006D4456 /* GameCatalog.app */;
			productType = "com.apple.product-type.application";
		};
		B77B47472E19AB13006D4456 /* GameCatalogTests */ = {
			isa = PBXNativeTarget;
			buildConfigurationList = B77B475F2E19AB13006D4456 /* Build configuration list for PBXNativeTarget "GameCatalogTests" */;
			buildPhases = (
				43BE91ADA7CA6A3F12FDEB8F /* [CP] Check Pods Manifest.lock */,
				B77B47442E19AB13006D4456 /* Sources */,
				B77B47452E19AB13006D4456 /* Frameworks */,
				B77B47462E19AB13006D4456 /* Resources */,
			);
			buildRules = (
			);
			dependencies = (
				B77B474A2E19AB13006D4456 /* PBXTargetDependency */,
			);
			fileSystemSynchronizedGroups = (
				B77B474B2E19AB13006D4456 /* GameCatalogTests */,
			);
			name = GameCatalogTests;
			productName = GameCatalogTests;
			productReference = B77B47482E19AB13006D4456 /* GameCatalogTests.xctest */;
			productType = "com.apple.product-type.bundle.unit-test";
		};
		B77B47512E19AB13006D4456 /* GameCatalogUITests */ = {
			isa = PBXNativeTarget;
			buildConfigurationList = B77B47622E19AB13006D4456 /* Build configuration list for PBXNativeTarget "GameCatalogUITests" */;
			buildPhases = (
				E893E5A0E846B661CC6FDE3F /* [CP] Check Pods Manifest.lock */,
				B77B474E2E19AB13006D4456 /* Sources */,
				B77B474F2E19AB13006D4456 /* Frameworks */,
				B77B47502E19AB13006D4456 /* Resources */,
			);
			buildRules = (
			);
			dependencies = (
				B77B47542E19AB13006D4456 /* PBXTargetDependency */,
			);
			fileSystemSynchronizedGroups = (
				B77B47552E19AB13006D4456 /* GameCatalogUITests */,
			);
			name = GameCatalogUITests;
			productName = GameCatalogUITests;
			productReference = B77B47522E19AB13006D4456 /* GameCatalogUITests.xctest */;
			productType = "com.apple.product-type.bundle.ui-testing";
		};
/* End PBXNativeTarget section */

/* Begin PBXProject section */
		B77B47302E19AB11006D4456 /* Project object */ = {
			isa = PBXProject;
			attributes = {
				BuildIndependentTargetsInParallel = 1;
				LastSwiftUpdateCheck = 1620;
				LastUpgradeCheck = 1620;
				TargetAttributes = {
					B77B47372E19AB11006D4456 = {
						CreatedOnToolsVersion = 16.2;
					};
					B77B47472E19AB13006D4456 = {
						CreatedOnToolsVersion = 16.2;
						TestTargetID = B77B47372E19AB11006D4456;
					};
					B77B47512E19AB13006D4456 = {
						CreatedOnToolsVersion = 16.2;
						TestTargetID = B77B47372E19AB11006D4456;
					};
				};
			};
			buildConfigurationList = B77B47332E19AB11006D4456 /* Build configuration list for PBXProject "GameCatalog" */;
			developmentRegion = en;
			hasScannedForEncodings = 0;
			knownRegions = (
				en,
				Base,
			);
			mainGroup = B77B472F2E19AB11006D4456;
			minimizedProjectReferenceProxies = 1;
			packageReferences = (
				B7DC07032E1BD74E00B28124 /* XCRemoteSwiftPackageReference "Alamofire" */,
				B7BC15D92E1E869E00174EF2 /* XCRemoteSwiftPackageReference "SwiftLintPlugins" */,
				B7904B1C2E20F243008544EE /* XCRemoteSwiftPackageReference "realm-swift" */,
				B797AC352E251F3B00C56520 /* XCRemoteSwiftPackageReference "AlertToast" */,
				B791FD282E27A06F002F2591 /* XCRemoteSwiftPackageReference "Swinject" */,
			);
			preferredProjectObjectVersion = 77;
			productRefGroup = B77B47392E19AB11006D4456 /* Products */;
			projectDirPath = "";
			projectRoot = "";
			targets = (
				B77B47372E19AB11006D4456 /* GameCatalog */,
				B77B47472E19AB13006D4456 /* GameCatalogTests */,
				B77B47512E19AB13006D4456 /* GameCatalogUITests */,
			);
		};
/* End PBXProject section */

/* Begin PBXResourcesBuildPhase section */
		B77B47362E19AB11006D4456 /* Resources */ = {
			isa = PBXResourcesBuildPhase;
			buildActionMask = 2147483647;
			files = (
			);
			runOnlyForDeploymentPostprocessing = 0;
		};
		B77B47462E19AB13006D4456 /* Resources */ = {
			isa = PBXResourcesBuildPhase;
			buildActionMask = 2147483647;
			files = (
			);
			runOnlyForDeploymentPostprocessing = 0;
		};
		B77B47502E19AB13006D4456 /* Resources */ = {
			isa = PBXResourcesBuildPhase;
			buildActionMask = 2147483647;
			files = (
			);
			runOnlyForDeploymentPostprocessing = 0;
		};
/* End PBXResourcesBuildPhase section */

/* Begin PBXShellScriptBuildPhase section */
		43BE91ADA7CA6A3F12FDEB8F /* [CP] Check Pods Manifest.lock */ = {
			isa = PBXShellScriptBuildPhase;
			buildActionMask = 2147483647;
			files = (
			);
			inputFileListPaths = (
			);
			inputPaths = (
				"${PODS_PODFILE_DIR_PATH}/Podfile.lock",
				"${PODS_ROOT}/Manifest.lock",
			);
			name = "[CP] Check Pods Manifest.lock";
			outputFileListPaths = (
			);
			outputPaths = (
				"$(DERIVED_FILE_DIR)/Pods-GameCatalogTests-checkManifestLockResult.txt",
			);
			runOnlyForDeploymentPostprocessing = 0;
			shellPath = /bin/sh;
			shellScript = "diff \"${PODS_PODFILE_DIR_PATH}/Podfile.lock\" \"${PODS_ROOT}/Manifest.lock\" > /dev/null\nif [ $? != 0 ] ; then\n    # print error to STDERR\n    echo \"error: The sandbox is not in sync with the Podfile.lock. Run 'pod install' or update your CocoaPods installation.\" >&2\n    exit 1\nfi\n# This output is used by Xcode 'outputs' to avoid re-running this script phase.\necho \"SUCCESS\" > \"${SCRIPT_OUTPUT_FILE_0}\"\n";
			showEnvVarsInLog = 0;
		};
		915C91D364E8A558C370738C /* [CP] Check Pods Manifest.lock */ = {
			isa = PBXShellScriptBuildPhase;
			buildActionMask = 2147483647;
			files = (
			);
			inputFileListPaths = (
			);
			inputPaths = (
				"${PODS_PODFILE_DIR_PATH}/Podfile.lock",
				"${PODS_ROOT}/Manifest.lock",
			);
			name = "[CP] Check Pods Manifest.lock";
			outputFileListPaths = (
			);
			outputPaths = (
				"$(DERIVED_FILE_DIR)/Pods-GameCatalog-checkManifestLockResult.txt",
			);
			runOnlyForDeploymentPostprocessing = 0;
			shellPath = /bin/sh;
			shellScript = "diff \"${PODS_PODFILE_DIR_PATH}/Podfile.lock\" \"${PODS_ROOT}/Manifest.lock\" > /dev/null\nif [ $? != 0 ] ; then\n    # print error to STDERR\n    echo \"error: The sandbox is not in sync with the Podfile.lock. Run 'pod install' or update your CocoaPods installation.\" >&2\n    exit 1\nfi\n# This output is used by Xcode 'outputs' to avoid re-running this script phase.\necho \"SUCCESS\" > \"${SCRIPT_OUTPUT_FILE_0}\"\n";
			showEnvVarsInLog = 0;
		};
		E893E5A0E846B661CC6FDE3F /* [CP] Check Pods Manifest.lock */ = {
			isa = PBXShellScriptBuildPhase;
			buildActionMask = 2147483647;
			files = (
			);
			inputFileListPaths = (
			);
			inputPaths = (
				"${PODS_PODFILE_DIR_PATH}/Podfile.lock",
				"${PODS_ROOT}/Manifest.lock",
			);
			name = "[CP] Check Pods Manifest.lock";
			outputFileListPaths = (
			);
			outputPaths = (
				"$(DERIVED_FILE_DIR)/Pods-GameCatalog-GameCatalogUITests-checkManifestLockResult.txt",
			);
			runOnlyForDeploymentPostprocessing = 0;
			shellPath = /bin/sh;
			shellScript = "diff \"${PODS_PODFILE_DIR_PATH}/Podfile.lock\" \"${PODS_ROOT}/Manifest.lock\" > /dev/null\nif [ $? != 0 ] ; then\n    # print error to STDERR\n    echo \"error: The sandbox is not in sync with the Podfile.lock. Run 'pod install' or update your CocoaPods installation.\" >&2\n    exit 1\nfi\n# This output is used by Xcode 'outputs' to avoid re-running this script phase.\necho \"SUCCESS\" > \"${SCRIPT_OUTPUT_FILE_0}\"\n";
			showEnvVarsInLog = 0;
		};
/* End PBXShellScriptBuildPhase section */

/* Begin PBXSourcesBuildPhase section */
		B77B47342E19AB11006D4456 /* Sources */ = {
			isa = PBXSourcesBuildPhase;
			buildActionMask = 2147483647;
			files = (
			);
			runOnlyForDeploymentPostprocessing = 0;
		};
		B77B47442E19AB13006D4456 /* Sources */ = {
			isa = PBXSourcesBuildPhase;
			buildActionMask = 2147483647;
			files = (
			);
			runOnlyForDeploymentPostprocessing = 0;
		};
		B77B474E2E19AB13006D4456 /* Sources */ = {
			isa = PBXSourcesBuildPhase;
			buildActionMask = 2147483647;
			files = (
			);
			runOnlyForDeploymentPostprocessing = 0;
		};
/* End PBXSourcesBuildPhase section */

/* Begin PBXTargetDependency section */
		B77B474A2E19AB13006D4456 /* PBXTargetDependency */ = {
			isa = PBXTargetDependency;
			target = B77B47372E19AB11006D4456 /* GameCatalog */;
			targetProxy = B77B47492E19AB13006D4456 /* PBXContainerItemProxy */;
		};
		B77B47542E19AB13006D4456 /* PBXTargetDependency */ = {
			isa = PBXTargetDependency;
			target = B77B47372E19AB11006D4456 /* GameCatalog */;
			targetProxy = B77B47532E19AB13006D4456 /* PBXContainerItemProxy */;
		};
/* End PBXTargetDependency section */

/* Begin XCBuildConfiguration section */
		B77B475A2E19AB13006D4456 /* Debug */ = {
			isa = XCBuildConfiguration;
			baseConfigurationReferenceAnchor = B77B473A2E19AB11006D4456 /* GameCatalog */;
			baseConfigurationReferenceRelativePath = rawg_key.xcconfig;
			buildSettings = {
				ALWAYS_SEARCH_USER_PATHS = NO;
				ASSETCATALOG_COMPILER_GENERATE_SWIFT_ASSET_SYMBOL_EXTENSIONS = YES;
				CLANG_ANALYZER_NONNULL = YES;
				CLANG_ANALYZER_NUMBER_OBJECT_CONVERSION = YES_AGGRESSIVE;
				CLANG_CXX_LANGUAGE_STANDARD = "gnu++20";
				CLANG_ENABLE_MODULES = YES;
				CLANG_ENABLE_OBJC_ARC = YES;
				CLANG_ENABLE_OBJC_WEAK = YES;
				CLANG_WARN_BLOCK_CAPTURE_AUTORELEASING = YES;
				CLANG_WARN_BOOL_CONVERSION = YES;
				CLANG_WARN_COMMA = YES;
				CLANG_WARN_CONSTANT_CONVERSION = YES;
				CLANG_WARN_DEPRECATED_OBJC_IMPLEMENTATIONS = YES;
				CLANG_WARN_DIRECT_OBJC_ISA_USAGE = YES_ERROR;
				CLANG_WARN_DOCUMENTATION_COMMENTS = YES;
				CLANG_WARN_EMPTY_BODY = YES;
				CLANG_WARN_ENUM_CONVERSION = YES;
				CLANG_WARN_INFINITE_RECURSION = YES;
				CLANG_WARN_INT_CONVERSION = YES;
				CLANG_WARN_NON_LITERAL_NULL_CONVERSION = YES;
				CLANG_WARN_OBJC_IMPLICIT_RETAIN_SELF = YES;
				CLANG_WARN_OBJC_LITERAL_CONVERSION = YES;
				CLANG_WARN_OBJC_ROOT_CLASS = YES_ERROR;
				CLANG_WARN_QUOTED_INCLUDE_IN_FRAMEWORK_HEADER = YES;
				CLANG_WARN_RANGE_LOOP_ANALYSIS = YES;
				CLANG_WARN_STRICT_PROTOTYPES = YES;
				CLANG_WARN_SUSPICIOUS_MOVE = YES;
				CLANG_WARN_UNGUARDED_AVAILABILITY = YES_AGGRESSIVE;
				CLANG_WARN_UNREACHABLE_CODE = YES;
				CLANG_WARN__DUPLICATE_METHOD_MATCH = YES;
				COPY_PHASE_STRIP = NO;
				DEBUG_INFORMATION_FORMAT = dwarf;
				ENABLE_STRICT_OBJC_MSGSEND = YES;
				ENABLE_TESTABILITY = YES;
				ENABLE_USER_SCRIPT_SANDBOXING = YES;
				GCC_C_LANGUAGE_STANDARD = gnu17;
				GCC_DYNAMIC_NO_PIC = NO;
				GCC_NO_COMMON_BLOCKS = YES;
				GCC_OPTIMIZATION_LEVEL = 0;
				GCC_PREPROCESSOR_DEFINITIONS = (
					"DEBUG=1",
					"$(inherited)",
				);
				GCC_WARN_64_TO_32_BIT_CONVERSION = YES;
				GCC_WARN_ABOUT_RETURN_TYPE = YES_ERROR;
				GCC_WARN_UNDECLARED_SELECTOR = YES;
				GCC_WARN_UNINITIALIZED_AUTOS = YES_AGGRESSIVE;
				GCC_WARN_UNUSED_FUNCTION = YES;
				GCC_WARN_UNUSED_VARIABLE = YES;
				IPHONEOS_DEPLOYMENT_TARGET = 18.2;
				LOCALIZATION_PREFERS_STRING_CATALOGS = YES;
				MTL_ENABLE_DEBUG_INFO = INCLUDE_SOURCE;
				MTL_FAST_MATH = YES;
				ONLY_ACTIVE_ARCH = YES;
				SDKROOT = iphoneos;
				SWIFT_ACTIVE_COMPILATION_CONDITIONS = "DEBUG $(inherited)";
				SWIFT_OPTIMIZATION_LEVEL = "-Onone";
			};
			name = Debug;
		};
		B77B475B2E19AB13006D4456 /* Release */ = {
			isa = XCBuildConfiguration;
			baseConfigurationReferenceAnchor = B77B473A2E19AB11006D4456 /* GameCatalog */;
			baseConfigurationReferenceRelativePath = rawg_key.xcconfig;
			buildSettings = {
				ALWAYS_SEARCH_USER_PATHS = NO;
				ASSETCATALOG_COMPILER_GENERATE_SWIFT_ASSET_SYMBOL_EXTENSIONS = YES;
				CLANG_ANALYZER_NONNULL = YES;
				CLANG_ANALYZER_NUMBER_OBJECT_CONVERSION = YES_AGGRESSIVE;
				CLANG_CXX_LANGUAGE_STANDARD = "gnu++20";
				CLANG_ENABLE_MODULES = YES;
				CLANG_ENABLE_OBJC_ARC = YES;
				CLANG_ENABLE_OBJC_WEAK = YES;
				CLANG_WARN_BLOCK_CAPTURE_AUTORELEASING = YES;
				CLANG_WARN_BOOL_CONVERSION = YES;
				CLANG_WARN_COMMA = YES;
				CLANG_WARN_CONSTANT_CONVERSION = YES;
				CLANG_WARN_DEPRECATED_OBJC_IMPLEMENTATIONS = YES;
				CLANG_WARN_DIRECT_OBJC_ISA_USAGE = YES_ERROR;
				CLANG_WARN_DOCUMENTATION_COMMENTS = YES;
				CLANG_WARN_EMPTY_BODY = YES;
				CLANG_WARN_ENUM_CONVERSION = YES;
				CLANG_WARN_INFINITE_RECURSION = YES;
				CLANG_WARN_INT_CONVERSION = YES;
				CLANG_WARN_NON_LITERAL_NULL_CONVERSION = YES;
				CLANG_WARN_OBJC_IMPLICIT_RETAIN_SELF = YES;
				CLANG_WARN_OBJC_LITERAL_CONVERSION = YES;
				CLANG_WARN_OBJC_ROOT_CLASS = YES_ERROR;
				CLANG_WARN_QUOTED_INCLUDE_IN_FRAMEWORK_HEADER = YES;
				CLANG_WARN_RANGE_LOOP_ANALYSIS = YES;
				CLANG_WARN_STRICT_PROTOTYPES = YES;
				CLANG_WARN_SUSPICIOUS_MOVE = YES;
				CLANG_WARN_UNGUARDED_AVAILABILITY = YES_AGGRESSIVE;
				CLANG_WARN_UNREACHABLE_CODE = YES;
				CLANG_WARN__DUPLICATE_METHOD_MATCH = YES;
				COPY_PHASE_STRIP = NO;
				DEBUG_INFORMATION_FORMAT = "dwarf-with-dsym";
				ENABLE_NS_ASSERTIONS = NO;
				ENABLE_STRICT_OBJC_MSGSEND = YES;
				ENABLE_USER_SCRIPT_SANDBOXING = YES;
				GCC_C_LANGUAGE_STANDARD = gnu17;
				GCC_NO_COMMON_BLOCKS = YES;
				GCC_WARN_64_TO_32_BIT_CONVERSION = YES;
				GCC_WARN_ABOUT_RETURN_TYPE = YES_ERROR;
				GCC_WARN_UNDECLARED_SELECTOR = YES;
				GCC_WARN_UNINITIALIZED_AUTOS = YES_AGGRESSIVE;
				GCC_WARN_UNUSED_FUNCTION = YES;
				GCC_WARN_UNUSED_VARIABLE = YES;
				IPHONEOS_DEPLOYMENT_TARGET = 18.2;
				LOCALIZATION_PREFERS_STRING_CATALOGS = YES;
				MTL_ENABLE_DEBUG_INFO = NO;
				MTL_FAST_MATH = YES;
				SDKROOT = iphoneos;
				SWIFT_COMPILATION_MODE = wholemodule;
				VALIDATE_PRODUCT = YES;
			};
			name = Release;
		};
		B77B475D2E19AB13006D4456 /* Debug */ = {
			isa = XCBuildConfiguration;
			baseConfigurationReference = C6F5BC37DE4504BED2DECEB0 /* Pods-GameCatalog.debug.xcconfig */;
			buildSettings = {
				ASSETCATALOG_COMPILER_APPICON_NAME = AppIcon;
				ASSETCATALOG_COMPILER_GLOBAL_ACCENT_COLOR_NAME = AccentColor;
				CODE_SIGN_STYLE = Automatic;
				CURRENT_PROJECT_VERSION = 1;
				DEVELOPMENT_ASSET_PATHS = "\"GameCatalog/Preview Content\"";
				ENABLE_PREVIEWS = YES;
				GENERATE_INFOPLIST_FILE = YES;
				INFOPLIST_FILE = GameCatalog/Info.plist;
				INFOPLIST_KEY_NSCameraUsageDescription = "We need access to your camera to allow you to take a profile picture.";
				INFOPLIST_KEY_NSPhotoLibraryUsageDescription = "We need access to your photo library to let you choose a profile picture.";
				INFOPLIST_KEY_UIApplicationSceneManifest_Generation = YES;
				INFOPLIST_KEY_UIApplicationSupportsIndirectInputEvents = YES;
				INFOPLIST_KEY_UISupportedInterfaceOrientations_iPad = "UIInterfaceOrientationPortrait UIInterfaceOrientationPortraitUpsideDown UIInterfaceOrientationLandscapeLeft UIInterfaceOrientationLandscapeRight";
				INFOPLIST_KEY_UISupportedInterfaceOrientations_iPhone = "UIInterfaceOrientationPortrait UIInterfaceOrientationLandscapeLeft UIInterfaceOrientationLandscapeRight";
				IPHONEOS_DEPLOYMENT_TARGET = 18.0;
				LD_RUNPATH_SEARCH_PATHS = (
					"$(inherited)",
					"@executable_path/Frameworks",
				);
				MARKETING_VERSION = 1.0;
				PRODUCT_BUNDLE_IDENTIFIER = com.dicoding.gameCatalog.GameCatalog;
				PRODUCT_NAME = "$(TARGET_NAME)";
				SWIFT_EMIT_LOC_STRINGS = YES;
				SWIFT_VERSION = 5.0;
				TARGETED_DEVICE_FAMILY = "1,2";
			};
			name = Debug;
		};
		B77B475E2E19AB13006D4456 /* Release */ = {
			isa = XCBuildConfiguration;
			baseConfigurationReference = D0D1A660EA25D063A437D6C9 /* Pods-GameCatalog.release.xcconfig */;
			buildSettings = {
				ASSETCATALOG_COMPILER_APPICON_NAME = AppIcon;
				ASSETCATALOG_COMPILER_GLOBAL_ACCENT_COLOR_NAME = AccentColor;
				CODE_SIGN_STYLE = Automatic;
				CURRENT_PROJECT_VERSION = 1;
				DEVELOPMENT_ASSET_PATHS = "\"GameCatalog/Preview Content\"";
				ENABLE_PREVIEWS = YES;
				GENERATE_INFOPLIST_FILE = YES;
				INFOPLIST_FILE = GameCatalog/Info.plist;
				INFOPLIST_KEY_NSCameraUsageDescription = "We need access to your camera to allow you to take a profile picture.";
				INFOPLIST_KEY_NSPhotoLibraryUsageDescription = "We need access to your photo library to let you choose a profile picture.";
				INFOPLIST_KEY_UIApplicationSceneManifest_Generation = YES;
				INFOPLIST_KEY_UIApplicationSupportsIndirectInputEvents = YES;
				INFOPLIST_KEY_UISupportedInterfaceOrientations_iPad = "UIInterfaceOrientationPortrait UIInterfaceOrientationPortraitUpsideDown UIInterfaceOrientationLandscapeLeft UIInterfaceOrientationLandscapeRight";
				INFOPLIST_KEY_UISupportedInterfaceOrientations_iPhone = "UIInterfaceOrientationPortrait UIInterfaceOrientationLandscapeLeft UIInterfaceOrientationLandscapeRight";
				IPHONEOS_DEPLOYMENT_TARGET = 18.0;
				LD_RUNPATH_SEARCH_PATHS = (
					"$(inherited)",
					"@executable_path/Frameworks",
				);
				MARKETING_VERSION = 1.0;
				PRODUCT_BUNDLE_IDENTIFIER = com.dicoding.gameCatalog.GameCatalog;
				PRODUCT_NAME = "$(TARGET_NAME)";
				SWIFT_EMIT_LOC_STRINGS = YES;
				SWIFT_VERSION = 5.0;
				TARGETED_DEVICE_FAMILY = "1,2";
			};
			name = Release;
		};
		B77B47602E19AB13006D4456 /* Debug */ = {
			isa = XCBuildConfiguration;
			baseConfigurationReference = D9E06D69DF480B5B58EC11FC /* Pods-GameCatalogTests.debug.xcconfig */;
			buildSettings = {
				BUNDLE_LOADER = "$(TEST_HOST)";
				CODE_SIGN_STYLE = Automatic;
				CURRENT_PROJECT_VERSION = 1;
				GENERATE_INFOPLIST_FILE = YES;
				IPHONEOS_DEPLOYMENT_TARGET = 18.2;
				MARKETING_VERSION = 1.0;
				PRODUCT_BUNDLE_IDENTIFIER = com.dicoding.gameCatalog.GameCatalogTests;
				PRODUCT_NAME = "$(TARGET_NAME)";
				SWIFT_EMIT_LOC_STRINGS = NO;
				SWIFT_VERSION = 5.0;
				TARGETED_DEVICE_FAMILY = "1,2";
				TEST_HOST = "$(BUILT_PRODUCTS_DIR)/GameCatalog.app/$(BUNDLE_EXECUTABLE_FOLDER_PATH)/GameCatalog";
			};
			name = Debug;
		};
		B77B47612E19AB13006D4456 /* Release */ = {
			isa = XCBuildConfiguration;
			baseConfigurationReference = 4D22837CFF3258DE4EC9620E /* Pods-GameCatalogTests.release.xcconfig */;
			buildSettings = {
				BUNDLE_LOADER = "$(TEST_HOST)";
				CODE_SIGN_STYLE = Automatic;
				CURRENT_PROJECT_VERSION = 1;
				GENERATE_INFOPLIST_FILE = YES;
				IPHONEOS_DEPLOYMENT_TARGET = 18.2;
				MARKETING_VERSION = 1.0;
				PRODUCT_BUNDLE_IDENTIFIER = com.dicoding.gameCatalog.GameCatalogTests;
				PRODUCT_NAME = "$(TARGET_NAME)";
				SWIFT_EMIT_LOC_STRINGS = NO;
				SWIFT_VERSION = 5.0;
				TARGETED_DEVICE_FAMILY = "1,2";
				TEST_HOST = "$(BUILT_PRODUCTS_DIR)/GameCatalog.app/$(BUNDLE_EXECUTABLE_FOLDER_PATH)/GameCatalog";
			};
			name = Release;
		};
		B77B47632E19AB13006D4456 /* Debug */ = {
			isa = XCBuildConfiguration;
			baseConfigurationReference = EE11D0E2C2B79235AD9E6C5F /* Pods-GameCatalog-GameCatalogUITests.debug.xcconfig */;
			buildSettings = {
				CODE_SIGN_STYLE = Automatic;
				CURRENT_PROJECT_VERSION = 1;
				GENERATE_INFOPLIST_FILE = YES;
				MARKETING_VERSION = 1.0;
				PRODUCT_BUNDLE_IDENTIFIER = com.dicoding.gameCatalog.GameCatalogUITests;
				PRODUCT_NAME = "$(TARGET_NAME)";
				SWIFT_EMIT_LOC_STRINGS = NO;
				SWIFT_VERSION = 5.0;
				TARGETED_DEVICE_FAMILY = "1,2";
				TEST_TARGET_NAME = GameCatalog;
			};
			name = Debug;
		};
		B77B47642E19AB13006D4456 /* Release */ = {
			isa = XCBuildConfiguration;
			baseConfigurationReference = 6499C088C7AF85D66399DD55 /* Pods-GameCatalog-GameCatalogUITests.release.xcconfig */;
			buildSettings = {
				CODE_SIGN_STYLE = Automatic;
				CURRENT_PROJECT_VERSION = 1;
				GENERATE_INFOPLIST_FILE = YES;
				MARKETING_VERSION = 1.0;
				PRODUCT_BUNDLE_IDENTIFIER = com.dicoding.gameCatalog.GameCatalogUITests;
				PRODUCT_NAME = "$(TARGET_NAME)";
				SWIFT_EMIT_LOC_STRINGS = NO;
				SWIFT_VERSION = 5.0;
				TARGETED_DEVICE_FAMILY = "1,2";
				TEST_TARGET_NAME = GameCatalog;
			};
			name = Release;
		};
/* End XCBuildConfiguration section */

/* Begin XCConfigurationList section */
		B77B47332E19AB11006D4456 /* Build configuration list for PBXProject "GameCatalog" */ = {
			isa = XCConfigurationList;
			buildConfigurations = (
				B77B475A2E19AB13006D4456 /* Debug */,
				B77B475B2E19AB13006D4456 /* Release */,
			);
			defaultConfigurationIsVisible = 0;
			defaultConfigurationName = Release;
		};
		B77B475C2E19AB13006D4456 /* Build configuration list for PBXNativeTarget "GameCatalog" */ = {
			isa = XCConfigurationList;
			buildConfigurations = (
				B77B475D2E19AB13006D4456 /* Debug */,
				B77B475E2E19AB13006D4456 /* Release */,
			);
			defaultConfigurationIsVisible = 0;
			defaultConfigurationName = Release;
		};
		B77B475F2E19AB13006D4456 /* Build configuration list for PBXNativeTarget "GameCatalogTests" */ = {
			isa = XCConfigurationList;
			buildConfigurations = (
				B77B47602E19AB13006D4456 /* Debug */,
				B77B47612E19AB13006D4456 /* Release */,
			);
			defaultConfigurationIsVisible = 0;
			defaultConfigurationName = Release;
		};
		B77B47622E19AB13006D4456 /* Build configuration list for PBXNativeTarget "GameCatalogUITests" */ = {
			isa = XCConfigurationList;
			buildConfigurations = (
				B77B47632E19AB13006D4456 /* Debug */,
				B77B47642E19AB13006D4456 /* Release */,
			);
			defaultConfigurationIsVisible = 0;
			defaultConfigurationName = Release;
		};
/* End XCConfigurationList section */

/* Begin XCRemoteSwiftPackageReference section */
		B7904B1C2E20F243008544EE /* XCRemoteSwiftPackageReference "realm-swift" */ = {
			isa = XCRemoteSwiftPackageReference;
			repositoryURL = "https://github.com/realm/realm-swift";
			requirement = {
				branch = master;
				kind = branch;
			};
		};
		B791FD282E27A06F002F2591 /* XCRemoteSwiftPackageReference "Swinject" */ = {
			isa = XCRemoteSwiftPackageReference;
			repositoryURL = "https://github.com/Swinject/Swinject.git";
			requirement = {
				kind = upToNextMajorVersion;
				minimumVersion = 2.9.1;
			};
		};
		B797AC352E251F3B00C56520 /* XCRemoteSwiftPackageReference "AlertToast" */ = {
			isa = XCRemoteSwiftPackageReference;
			repositoryURL = "https://github.com/elai950/AlertToast.git";
			requirement = {
				kind = upToNextMajorVersion;
				minimumVersion = 1.3.9;
			};
		};
		B7BC15D92E1E869E00174EF2 /* XCRemoteSwiftPackageReference "SwiftLintPlugins" */ = {
			isa = XCRemoteSwiftPackageReference;
			repositoryURL = "https://github.com/SimplyDanny/SwiftLintPlugins";
			requirement = {
				kind = upToNextMajorVersion;
				minimumVersion = 0.59.1;
			};
		};
		B7DC07032E1BD74E00B28124 /* XCRemoteSwiftPackageReference "Alamofire" */ = {
			isa = XCRemoteSwiftPackageReference;
			repositoryURL = "https://github.com/Alamofire/Alamofire.git";
			requirement = {
				kind = upToNextMajorVersion;
				minimumVersion = 5.10.2;
			};
		};
/* End XCRemoteSwiftPackageReference section */

/* Begin XCSwiftPackageProductDependency section */
		B7904B1D2E20F243008544EE /* RealmSwift */ = {
			isa = XCSwiftPackageProductDependency;
			package = B7904B1C2E20F243008544EE /* XCRemoteSwiftPackageReference "realm-swift" */;
			productName = RealmSwift;
		};
		B791FD2B2E27A113002F2591 /* Swinject */ = {
			isa = XCSwiftPackageProductDependency;
			package = B791FD282E27A06F002F2591 /* XCRemoteSwiftPackageReference "Swinject" */;
			productName = Swinject;
		};
		B797AC362E251F3B00C56520 /* AlertToast */ = {
			isa = XCSwiftPackageProductDependency;
			package = B797AC352E251F3B00C56520 /* XCRemoteSwiftPackageReference "AlertToast" */;
			productName = AlertToast;
		};
		B7DC072B2E1BD83900B28124 /* Alamofire */ = {
			isa = XCSwiftPackageProductDependency;
			package = B7DC07032E1BD74E00B28124 /* XCRemoteSwiftPackageReference "Alamofire" */;
			productName = Alamofire;
		};
/* End XCSwiftPackageProductDependency section */
	};
	rootObject = B77B47302E19AB11006D4456 /* Project object */;
}
